
Microsoft Visual Studio Solution File, Format Version 12.00
# Visual Studio 14
VisualStudioVersion = 14.0.23107.0
MinimumVisualStudioVersion = 10.0.40219.1
Project("{FAE04EC0-301F-11D3-BF4B-00C04F79EFBC}") = "L4mbda", "L4mbda\L4mbda.csproj", "{A32C9A9E-3C79-4EC2-8466-9760D389C5ED}"
EndProject
Project("{FAE04EC0-301F-11D3-BF4B-00C04F79EFBC}") = "L4mbda.Tests", "L4mbda.Tests\L4mbda.Tests.csproj", "{F5AC013C-E4E5-48E9-B9D8-69BD8EB9841C}"
EndProject
Global
	GlobalSection(SolutionConfigurationPlatforms) = preSolution
		Debug|Any CPU = Debug|Any CPU
		Release|Any CPU = Release|Any CPU
	EndGlobalSection
	GlobalSection(ProjectConfigurationPlatforms) = postSolution
		{A32C9A9E-3C79-4EC2-8466-9760D389C5ED}.Debug|Any CPU.ActiveCfg = Debug|Any CPU
		{A32C9A9E-3C79-4EC2-8466-9760D389C5ED}.Debug|Any CPU.Build.0 = Debug|Any CPU
		{A32C9A9E-3C79-4EC2-8466-9760D389C5ED}.Release|Any CPU.ActiveCfg = Release|Any CPU
		{A32C9A9E-3C79-4EC2-8466-9760D389C5ED}.Release|Any CPU.Build.0 = Release|Any CPU
		{F5AC013C-E4E5-48E9-B9D8-69BD8EB9841C}.Debug|Any CPU.ActiveCfg = Debug|Any CPU
		{F5AC013C-E4E5-48E9-B9D8-69BD8EB9841C}.Debug|Any CPU.Build.0 = Debug|Any CPU
		{F5AC013C-E4E5-48E9-B9D8-69BD8EB9841C}.Release|Any CPU.ActiveCfg = Release|Any CPU
		{F5AC013C-E4E5-48E9-B9D8-69BD8EB9841C}.Release|Any CPU.Build.0 = Release|Any CPU
	EndGlobalSection
	GlobalSection(SolutionProperties) = preSolution
		HideSolutionNode = FALSE
	EndGlobalSection
EndGlobal
